
Microsoft Visual Studio Solution File, Format Version 12.00
# Visual Studio 15
VisualStudioVersion = 15.0.28307.1062
MinimumVisualStudioVersion = 10.0.40219.1
Project("{FAE04EC0-301F-11D3-BF4B-00C04F79EFBC}") = "projectDAA", "projectDAA\projectDAA.csproj", "{3A1A78A6-C4A1-49FA-81C1-1D0EC117532B}"
EndProject
Global
	GlobalSection(SolutionConfigurationPlatforms) = preSolution
		Debug|Any CPU = Debug|Any CPU
		Release|Any CPU = Release|Any CPU
	EndGlobalSection
	GlobalSection(ProjectConfigurationPlatforms) = postSolution
		{3A1A78A6-C4A1-49FA-81C1-1D0EC117532B}.Debug|Any CPU.ActiveCfg = Debug|Any CPU
		{3A1A78A6-C4A1-49FA-81C1-1D0EC117532B}.Debug|Any CPU.Build.0 = Debug|Any CPU
		{3A1A78A6-C4A1-49FA-81C1-1D0EC117532B}.Release|Any CPU.ActiveCfg = Release|Any CPU
		{3A1A78A6-C4A1-49FA-81C1-1D0EC117532B}.Release|Any CPU.Build.0 = Release|Any CPU
	EndGlobalSection
	GlobalSection(SolutionProperties) = preSolution
		HideSolutionNode = FALSE
	EndGlobalSection
	GlobalSection(ExtensibilityGlobals) = postSolution
		SolutionGuid = {D45D3B91-CAC1-4E03-BAAC-99A1368575EC}
	EndGlobalSection
EndGlobal
